
Microsoft Visual Studio Solution File, Format Version 12.00
# Visual Studio Version 17
VisualStudioVersion = 17.4.32916.344
MinimumVisualStudioVersion = 10.0.40219.1
Project("{8BC9CEB8-8B4A-11D0-8D11-00A0C91BC942}") = "Ransom_Note", "Ransom_Note\Ransom_Note.vcxproj", "{7FF79DC4-8D5E-4B04-BCE5-542C30AF3DBD}"
EndProject
Global
	GlobalSection(SolutionConfigurationPlatforms) = preSolution
		Debug|x64 = Debug|x64
		Debug|x86 = Debug|x86
		Release|x64 = Release|x64
		Release|x86 = Release|x86
	EndGlobalSection
	GlobalSection(ProjectConfigurationPlatforms) = postSolution
		{7FF79DC4-8D5E-4B04-BCE5-542C30AF3DBD}.Debug|x64.ActiveCfg = Debug|x64
		{7FF79DC4-8D5E-4B04-BCE5-542C30AF3DBD}.Debug|x64.Build.0 = Debug|x64
		{7FF79DC4-8D5E-4B04-BCE5-542C30AF3DBD}.Debug|x86.ActiveCfg = Debug|Win32
		{7FF79DC4-8D5E-4B04-BCE5-542C30AF3DBD}.Debug|x86.Build.0 = Debug|Win32
		{7FF79DC4-8D5E-4B04-BCE5-542C30AF3DBD}.Release|x64.ActiveCfg = Release|x64
		{7FF79DC4-8D5E-4B04-BCE5-542C30AF3DBD}.Release|x64.Build.0 = Release|x64
		{7FF79DC4-8D5E-4B04-BCE5-542C30AF3DBD}.Release|x86.ActiveCfg = Release|Win32
		{7FF79DC4-8D5E-4B04-BCE5-542C30AF3DBD}.Release|x86.Build.0 = Release|Win32
	EndGlobalSection
	GlobalSection(SolutionProperties) = preSolution
		HideSolutionNode = FALSE
	EndGlobalSection
	GlobalSection(ExtensibilityGlobals) = postSolution
		SolutionGuid = {268823A3-DD5E-44B0-9E46-72B3970458CB}
	EndGlobalSection
EndGlobal
